
Microsoft Visual Studio Solution File, Format Version 12.00
# Visual Studio Version 17
VisualStudioVersion = 17.14.36414.22 d17.14
MinimumVisualStudioVersion = 10.0.40219.1
Project("{FAE04EC0-301F-11D3-BF4B-00C04F79EFBC}") = "10. Cinema Booking", "10. Cinema Booking\10. Cinema Booking.csproj", "{D46202BC-7DC5-460D-8394-C392B37D80EE}"
EndProject
Global
	GlobalSection(SolutionConfigurationPlatforms) = preSolution
		Debug|Any CPU = Debug|Any CPU
		Release|Any CPU = Release|Any CPU
	EndGlobalSection
	GlobalSection(ProjectConfigurationPlatforms) = postSolution
		{D46202BC-7DC5-460D-8394-C392B37D80EE}.Debug|Any CPU.ActiveCfg = Debug|Any CPU
		{D46202BC-7DC5-460D-8394-C392B37D80EE}.Debug|Any CPU.Build.0 = Debug|Any CPU
		{D46202BC-7DC5-460D-8394-C392B37D80EE}.Release|Any CPU.ActiveCfg = Release|Any CPU
		{D46202BC-7DC5-460D-8394-C392B37D80EE}.Release|Any CPU.Build.0 = Release|Any CPU
	EndGlobalSection
	GlobalSection(SolutionProperties) = preSolution
		HideSolutionNode = FALSE
	EndGlobalSection
	GlobalSection(ExtensibilityGlobals) = postSolution
		SolutionGuid = {74BA874E-4252-4C2E-A18A-5FA9FAD02D25}
	EndGlobalSection
EndGlobal
